
Microsoft Visual Studio Solution File, Format Version 12.00
Project("{2150E333-8FDC-42A3-9474-1A3956D46DE8}") = "src", "src", "{73232C5E-99F0-427A-90A7-D9C4297B47D3}"
EndProject
Project("{2150E333-8FDC-42A3-9474-1A3956D46DE8}") = "Building Blocks", "Building Blocks", "{3791DA13-2F8C-45E4-9328-7E3B37C2FC2D}"
EndProject
Project("{2150E333-8FDC-42A3-9474-1A3956D46DE8}") = "Services", "Services", "{7F673BFB-8F45-400F-8E38-C2D8A84FEF5F}"
EndProject
Project("{2150E333-8FDC-42A3-9474-1A3956D46DE8}") = "Core", "Core", "{832D1BE8-3492-4329-855C-DCDF4CFFC8A9}"
EndProject
Project("{FAE04EC0-301F-11D3-BF4B-00C04F79EFBC}") = "NSE.Core", "src\building blocks\NSE.Core\NSE.Core.csproj", "{3BA347E2-754E-42BD-BA4A-E2D2D0280C1E}"
EndProject
Project("{2150E333-8FDC-42A3-9474-1A3956D46DE8}") = "Identidade", "Identidade", "{E4B03F76-A8DF-4F36-BC23-E241B60856D2}"
EndProject
Project("{FAE04EC0-301F-11D3-BF4B-00C04F79EFBC}") = "NSE.Identidade.Api", "src\services\NSE.Identidade.Api\NSE.Identidade.Api.csproj", "{0AD1392D-116E-48A7-833E-ACBEE76A0570}"
EndProject
Project("{2150E333-8FDC-42A3-9474-1A3956D46DE8}") = "Carrinho", "Carrinho", "{9CC2CD70-789C-48EC-868D-DD9AFA8F759D}"
EndProject
Project("{FAE04EC0-301F-11D3-BF4B-00C04F79EFBC}") = "NSE.Carrinho.Api", "src\services\NSE.Carrinho.Api\NSE.Carrinho.Api.csproj", "{9C1391A9-C047-4113-9F1B-1EEDC8FA30A9}"
EndProject
Project("{2150E333-8FDC-42A3-9474-1A3956D46DE8}") = "Catalogo", "Catalogo", "{6871E4AF-45D7-403B-9D95-128AE6E44390}"
EndProject
Project("{FAE04EC0-301F-11D3-BF4B-00C04F79EFBC}") = "NSE.Catalogo.Api", "src\services\NSE.Catalogo.Api\NSE.Catalogo.Api.csproj", "{405ADCAE-3E4C-40FC-A512-13BC9FDBBDBE}"
EndProject
Project("{2150E333-8FDC-42A3-9474-1A3956D46DE8}") = "Cliente", "Cliente", "{BE9B40AE-3756-421E-86EA-AE4CBFA8FB18}"
EndProject
Project("{FAE04EC0-301F-11D3-BF4B-00C04F79EFBC}") = "NSE.Clientes.Api", "src\services\NSE.Clientes.Api\NSE.Clientes.Api.csproj", "{9772DC67-88F3-42CF-B50C-B6D1AEAC0034}"
EndProject
Project("{2150E333-8FDC-42A3-9474-1A3956D46DE8}") = "Pagamento", "Pagamento", "{4ECAB31F-8A64-430A-9FE5-23A1D87C4462}"
EndProject
Project("{2150E333-8FDC-42A3-9474-1A3956D46DE8}") = "Pedido", "Pedido", "{4034E582-03A9-4D2F-968E-A9E82B16D9E0}"
EndProject
Project("{FAE04EC0-301F-11D3-BF4B-00C04F79EFBC}") = "NSE.Pagamentos.Api", "src\services\NSE.Pagamentos.Api\NSE.Pagamentos.Api.csproj", "{CC477209-0B1C-49BE-9FC0-51863B01A1F5}"
EndProject
Project("{FAE04EC0-301F-11D3-BF4B-00C04F79EFBC}") = "NSE.Pedidos.Api", "src\services\NSE.Pedidos.Api\NSE.Pedidos.Api.csproj", "{43E30640-06DF-4235-A547-46C65F813764}"
EndProject
Project("{2150E333-8FDC-42A3-9474-1A3956D46DE8}") = "Services", "Services", "{9485D950-A4B8-41DF-AC1F-C4F66FE49853}"
EndProject
Project("{FAE04EC0-301F-11D3-BF4B-00C04F79EFBC}") = "NSE.WebApi.Core", "src\building blocks\NSE.WebApi.Core\NSE.WebApi.Core.csproj", "{F7C77844-72A9-4D2A-98F9-496C2225DB24}"
EndProject
Project("{2150E333-8FDC-42A3-9474-1A3956D46DE8}") = "MessageBus", "MessageBus", "{093E3A7F-A420-4D5D-AC67-69C0A60AE2B9}"
EndProject
Project("{FAE04EC0-301F-11D3-BF4B-00C04F79EFBC}") = "NSE.MessageBus", "src\building blocks\NSE.MessageBus\NSE.MessageBus.csproj", "{9C1082A0-B107-4CBB-A500-977B12AD3618}"
EndProject
Project("{2150E333-8FDC-42A3-9474-1A3956D46DE8}") = "Api Gateway", "Api Gateway", "{80BCD0A1-3D3C-4075-B8F3-DF74F4D53C35}"
EndProject
Project("{FAE04EC0-301F-11D3-BF4B-00C04F79EFBC}") = "NSE.Bff.Compras", "src\api gateway\NSE.Bff.Compras\NSE.Bff.Compras.csproj", "{1441039B-546A-4AFD-8D74-20471ABA11CC}"
EndProject
Project("{FAE04EC0-301F-11D3-BF4B-00C04F79EFBC}") = "NSE.Pedidos.Domain", "src\services\NSE.Pedidos.Domain\NSE.Pedidos.Domain\NSE.Pedidos.Domain.csproj", "{C7F448A7-B13C-458E-BB1A-D1D3D3C4C86F}"
EndProject
Project("{FAE04EC0-301F-11D3-BF4B-00C04F79EFBC}") = "NSE.Pedidos.Infra", "src\services\NSE.Pedidos.Infra\NSE.Pedidos.Infra\NSE.Pedidos.Infra.csproj", "{DF73726B-2074-4274-91C6-3232DAA2F2B8}"
EndProject
Project("{FAE04EC0-301F-11D3-BF4B-00C04F79EFBC}") = "NSE.Pagamentos.NerdsPag", "src\services\NSE.Pagamento.NerdsPag\NSE.Pagamentos.NerdsPag\NSE.Pagamentos.NerdsPag.csproj", "{B5C4E84D-36F4-4BDD-8F2A-A32357254C02}"
EndProject
Project("{2150E333-8FDC-42A3-9474-1A3956D46DE8}") = "docker", "docker", "{9D9AA644-0EF3-4416-8BFB-2B74A64D906E}"
	ProjectSection(SolutionItems) = preProject
		docker\nerdstore_producao.yml = docker\nerdstore_producao.yml
	EndProjectSection
EndProject
Global
	GlobalSection(SolutionConfigurationPlatforms) = preSolution
		Debug|Any CPU = Debug|Any CPU
		Release|Any CPU = Release|Any CPU
	EndGlobalSection
	GlobalSection(NestedProjects) = preSolution
		{3791DA13-2F8C-45E4-9328-7E3B37C2FC2D} = {73232C5E-99F0-427A-90A7-D9C4297B47D3}
		{7F673BFB-8F45-400F-8E38-C2D8A84FEF5F} = {73232C5E-99F0-427A-90A7-D9C4297B47D3}
		{832D1BE8-3492-4329-855C-DCDF4CFFC8A9} = {3791DA13-2F8C-45E4-9328-7E3B37C2FC2D}
		{3BA347E2-754E-42BD-BA4A-E2D2D0280C1E} = {832D1BE8-3492-4329-855C-DCDF4CFFC8A9}
		{E4B03F76-A8DF-4F36-BC23-E241B60856D2} = {7F673BFB-8F45-400F-8E38-C2D8A84FEF5F}
		{0AD1392D-116E-48A7-833E-ACBEE76A0570} = {E4B03F76-A8DF-4F36-BC23-E241B60856D2}
		{9CC2CD70-789C-48EC-868D-DD9AFA8F759D} = {7F673BFB-8F45-400F-8E38-C2D8A84FEF5F}
		{9C1391A9-C047-4113-9F1B-1EEDC8FA30A9} = {9CC2CD70-789C-48EC-868D-DD9AFA8F759D}
		{6871E4AF-45D7-403B-9D95-128AE6E44390} = {7F673BFB-8F45-400F-8E38-C2D8A84FEF5F}
		{405ADCAE-3E4C-40FC-A512-13BC9FDBBDBE} = {6871E4AF-45D7-403B-9D95-128AE6E44390}
		{BE9B40AE-3756-421E-86EA-AE4CBFA8FB18} = {7F673BFB-8F45-400F-8E38-C2D8A84FEF5F}
		{9772DC67-88F3-42CF-B50C-B6D1AEAC0034} = {BE9B40AE-3756-421E-86EA-AE4CBFA8FB18}
		{4ECAB31F-8A64-430A-9FE5-23A1D87C4462} = {7F673BFB-8F45-400F-8E38-C2D8A84FEF5F}
		{4034E582-03A9-4D2F-968E-A9E82B16D9E0} = {7F673BFB-8F45-400F-8E38-C2D8A84FEF5F}
		{CC477209-0B1C-49BE-9FC0-51863B01A1F5} = {4ECAB31F-8A64-430A-9FE5-23A1D87C4462}
		{43E30640-06DF-4235-A547-46C65F813764} = {4034E582-03A9-4D2F-968E-A9E82B16D9E0}
		{9485D950-A4B8-41DF-AC1F-C4F66FE49853} = {3791DA13-2F8C-45E4-9328-7E3B37C2FC2D}
		{F7C77844-72A9-4D2A-98F9-496C2225DB24} = {9485D950-A4B8-41DF-AC1F-C4F66FE49853}
		{093E3A7F-A420-4D5D-AC67-69C0A60AE2B9} = {3791DA13-2F8C-45E4-9328-7E3B37C2FC2D}
		{9C1082A0-B107-4CBB-A500-977B12AD3618} = {093E3A7F-A420-4D5D-AC67-69C0A60AE2B9}
		{80BCD0A1-3D3C-4075-B8F3-DF74F4D53C35} = {73232C5E-99F0-427A-90A7-D9C4297B47D3}
		{1441039B-546A-4AFD-8D74-20471ABA11CC} = {80BCD0A1-3D3C-4075-B8F3-DF74F4D53C35}
		{C7F448A7-B13C-458E-BB1A-D1D3D3C4C86F} = {4034E582-03A9-4D2F-968E-A9E82B16D9E0}
		{DF73726B-2074-4274-91C6-3232DAA2F2B8} = {4034E582-03A9-4D2F-968E-A9E82B16D9E0}
		{B5C4E84D-36F4-4BDD-8F2A-A32357254C02} = {4ECAB31F-8A64-430A-9FE5-23A1D87C4462}
	EndGlobalSection
	GlobalSection(ProjectConfigurationPlatforms) = postSolution
		{3BA347E2-754E-42BD-BA4A-E2D2D0280C1E}.Debug|Any CPU.ActiveCfg = Debug|Any CPU
		{3BA347E2-754E-42BD-BA4A-E2D2D0280C1E}.Debug|Any CPU.Build.0 = Debug|Any CPU
		{3BA347E2-754E-42BD-BA4A-E2D2D0280C1E}.Release|Any CPU.ActiveCfg = Release|Any CPU
		{3BA347E2-754E-42BD-BA4A-E2D2D0280C1E}.Release|Any CPU.Build.0 = Release|Any CPU
		{0AD1392D-116E-48A7-833E-ACBEE76A0570}.Debug|Any CPU.ActiveCfg = Debug|Any CPU
		{0AD1392D-116E-48A7-833E-ACBEE76A0570}.Debug|Any CPU.Build.0 = Debug|Any CPU
		{0AD1392D-116E-48A7-833E-ACBEE76A0570}.Release|Any CPU.ActiveCfg = Release|Any CPU
		{0AD1392D-116E-48A7-833E-ACBEE76A0570}.Release|Any CPU.Build.0 = Release|Any CPU
		{9C1391A9-C047-4113-9F1B-1EEDC8FA30A9}.Debug|Any CPU.ActiveCfg = Debug|Any CPU
		{9C1391A9-C047-4113-9F1B-1EEDC8FA30A9}.Debug|Any CPU.Build.0 = Debug|Any CPU
		{9C1391A9-C047-4113-9F1B-1EEDC8FA30A9}.Release|Any CPU.ActiveCfg = Release|Any CPU
		{9C1391A9-C047-4113-9F1B-1EEDC8FA30A9}.Release|Any CPU.Build.0 = Release|Any CPU
		{405ADCAE-3E4C-40FC-A512-13BC9FDBBDBE}.Debug|Any CPU.ActiveCfg = Debug|Any CPU
		{405ADCAE-3E4C-40FC-A512-13BC9FDBBDBE}.Debug|Any CPU.Build.0 = Debug|Any CPU
		{405ADCAE-3E4C-40FC-A512-13BC9FDBBDBE}.Release|Any CPU.ActiveCfg = Release|Any CPU
		{405ADCAE-3E4C-40FC-A512-13BC9FDBBDBE}.Release|Any CPU.Build.0 = Release|Any CPU
		{9772DC67-88F3-42CF-B50C-B6D1AEAC0034}.Debug|Any CPU.ActiveCfg = Debug|Any CPU
		{9772DC67-88F3-42CF-B50C-B6D1AEAC0034}.Debug|Any CPU.Build.0 = Debug|Any CPU
		{9772DC67-88F3-42CF-B50C-B6D1AEAC0034}.Release|Any CPU.ActiveCfg = Release|Any CPU
		{9772DC67-88F3-42CF-B50C-B6D1AEAC0034}.Release|Any CPU.Build.0 = Release|Any CPU
		{CC477209-0B1C-49BE-9FC0-51863B01A1F5}.Debug|Any CPU.ActiveCfg = Debug|Any CPU
		{CC477209-0B1C-49BE-9FC0-51863B01A1F5}.Debug|Any CPU.Build.0 = Debug|Any CPU
		{CC477209-0B1C-49BE-9FC0-51863B01A1F5}.Release|Any CPU.ActiveCfg = Release|Any CPU
		{CC477209-0B1C-49BE-9FC0-51863B01A1F5}.Release|Any CPU.Build.0 = Release|Any CPU
		{43E30640-06DF-4235-A547-46C65F813764}.Debug|Any CPU.ActiveCfg = Debug|Any CPU
		{43E30640-06DF-4235-A547-46C65F813764}.Debug|Any CPU.Build.0 = Debug|Any CPU
		{43E30640-06DF-4235-A547-46C65F813764}.Release|Any CPU.ActiveCfg = Release|Any CPU
		{43E30640-06DF-4235-A547-46C65F813764}.Release|Any CPU.Build.0 = Release|Any CPU
		{F7C77844-72A9-4D2A-98F9-496C2225DB24}.Debug|Any CPU.ActiveCfg = Debug|Any CPU
		{F7C77844-72A9-4D2A-98F9-496C2225DB24}.Debug|Any CPU.Build.0 = Debug|Any CPU
		{F7C77844-72A9-4D2A-98F9-496C2225DB24}.Release|Any CPU.ActiveCfg = Release|Any CPU
		{F7C77844-72A9-4D2A-98F9-496C2225DB24}.Release|Any CPU.Build.0 = Release|Any CPU
		{9C1082A0-B107-4CBB-A500-977B12AD3618}.Debug|Any CPU.ActiveCfg = Debug|Any CPU
		{9C1082A0-B107-4CBB-A500-977B12AD3618}.Debug|Any CPU.Build.0 = Debug|Any CPU
		{9C1082A0-B107-4CBB-A500-977B12AD3618}.Release|Any CPU.ActiveCfg = Release|Any CPU
		{9C1082A0-B107-4CBB-A500-977B12AD3618}.Release|Any CPU.Build.0 = Release|Any CPU
		{1441039B-546A-4AFD-8D74-20471ABA11CC}.Debug|Any CPU.ActiveCfg = Debug|Any CPU
		{1441039B-546A-4AFD-8D74-20471ABA11CC}.Debug|Any CPU.Build.0 = Debug|Any CPU
		{1441039B-546A-4AFD-8D74-20471ABA11CC}.Release|Any CPU.ActiveCfg = Release|Any CPU
		{1441039B-546A-4AFD-8D74-20471ABA11CC}.Release|Any CPU.Build.0 = Release|Any CPU
		{C7F448A7-B13C-458E-BB1A-D1D3D3C4C86F}.Debug|Any CPU.ActiveCfg = Debug|Any CPU
		{C7F448A7-B13C-458E-BB1A-D1D3D3C4C86F}.Debug|Any CPU.Build.0 = Debug|Any CPU
		{C7F448A7-B13C-458E-BB1A-D1D3D3C4C86F}.Release|Any CPU.ActiveCfg = Release|Any CPU
		{C7F448A7-B13C-458E-BB1A-D1D3D3C4C86F}.Release|Any CPU.Build.0 = Release|Any CPU
		{DF73726B-2074-4274-91C6-3232DAA2F2B8}.Debug|Any CPU.ActiveCfg = Debug|Any CPU
		{DF73726B-2074-4274-91C6-3232DAA2F2B8}.Debug|Any CPU.Build.0 = Debug|Any CPU
		{DF73726B-2074-4274-91C6-3232DAA2F2B8}.Release|Any CPU.ActiveCfg = Release|Any CPU
		{DF73726B-2074-4274-91C6-3232DAA2F2B8}.Release|Any CPU.Build.0 = Release|Any CPU
		{B5C4E84D-36F4-4BDD-8F2A-A32357254C02}.Debug|Any CPU.ActiveCfg = Debug|Any CPU
		{B5C4E84D-36F4-4BDD-8F2A-A32357254C02}.Debug|Any CPU.Build.0 = Debug|Any CPU
		{B5C4E84D-36F4-4BDD-8F2A-A32357254C02}.Release|Any CPU.ActiveCfg = Release|Any CPU
		{B5C4E84D-36F4-4BDD-8F2A-A32357254C02}.Release|Any CPU.Build.0 = Release|Any CPU
	EndGlobalSection
EndGlobal
